
Microsoft Visual Studio Solution File, Format Version 12.00
# Visual Studio Version 17
VisualStudioVersion = 17.11.35312.102
MinimumVisualStudioVersion = 10.0.40219.1
Project("{9A19103F-16F7-4668-BE54-9A1E7A4F7556}") = "Tyuiu.StrekalovRA.Sprint3.Task0.V21", "Tyuiu.StrekalovRA.Sprint3.Task0.V21\Tyuiu.StrekalovRA.Sprint3.Task0.V21.csproj", "{D03143A2-26F3-4BDF-9DE5-0D4DBA6DA729}"
EndProject
Project("{FAE04EC0-301F-11D3-BF4B-00C04F79EFBC}") = "Tyuiu.StrekalovRA.Sprint3.Task0.V21.Lib", "Tyuiu.StrekalovRA.Sprint3.Task0.V21.Lib\Tyuiu.StrekalovRA.Sprint3.Task0.V21.Lib.csproj", "{5CD08832-225B-4D1D-AA49-9CBE6618DABF}"
EndProject
Project("{FAE04EC0-301F-11D3-BF4B-00C04F79EFBC}") = "Tyuiu.StrekalovRA.Sprint3.Task0.V21.Test", "Tyuiu.StrekalovRA.Sprint3.Task0.V21.Test\Tyuiu.StrekalovRA.Sprint3.Task0.V21.Test.csproj", "{0C4D6EDD-12E7-4C86-B872-7D7493AB787F}"
EndProject
Project("{FAE04EC0-301F-11D3-BF4B-00C04F79EFBC}") = "aaa", "aaa\aaa.csproj", "{EA588344-E202-4E09-B135-4E486CDE0601}"
EndProject
Project("{FAE04EC0-301F-11D3-BF4B-00C04F79EFBC}") = "Tyuiu.StrekalovRA.Sprint3.Task5.V6.Lib", "Tyuiu.StrekalovRA.Sprint3.Task5.V6.Lib\Tyuiu.StrekalovRA.Sprint3.Task5.V6.Lib.csproj", "{4394FA2D-42D6-4D63-9C94-44D91E44F1CB}"
EndProject
Project("{FAE04EC0-301F-11D3-BF4B-00C04F79EFBC}") = "Tyuiu.StrekalovRA.Sprint3.Task4.V23.Lib", "Tyuiu.StrekalovRA.Sprint3.Task4.V23.Lib\Tyuiu.StrekalovRA.Sprint3.Task4.V23.Lib.csproj", "{6E0F7671-D721-4D08-861A-43C3174CFC69}"
EndProject
Project("{FAE04EC0-301F-11D3-BF4B-00C04F79EFBC}") = "Tyuiu.StrekalovRA.Sprint3.Task6.V4", "Tyuiu.StrekalovRA.Sprint3.Task6.V4\Tyuiu.StrekalovRA.Sprint3.Task6.V4.csproj", "{9381B51B-B054-452E-8F84-9B0B63A73B62}"
EndProject
Project("{FAE04EC0-301F-11D3-BF4B-00C04F79EFBC}") = "Tyuiu.StrekalovRA.Sprint3.Task6.V4.Lib", "Tyuiu.StrekalovRA.Sprint3.Task6.V4.Lib\Tyuiu.StrekalovRA.Sprint3.Task6.V4.Lib.csproj", "{B775C909-F261-47AA-AB8C-3950A6913C26}"
EndProject
Project("{2150E333-8FDC-42A3-9474-1A3956D46DE8}") = "TASK_6", "TASK_6", "{F63F4BC9-2A35-4B6F-895B-BC68C66AA7CF}"
EndProject
Project("{FAE04EC0-301F-11D3-BF4B-00C04F79EFBC}") = "Tyuiu.StrekalovRA.Sprint3.Task6.V4.Test", "Tyuiu.StrekalovRA.Sprint3.Task6.V4.Test\Tyuiu.StrekalovRA.Sprint3.Task6.V4.Test.csproj", "{FBCBA1EF-252A-4731-89B0-94EE817B1D5F}"
EndProject
Project("{FAE04EC0-301F-11D3-BF4B-00C04F79EFBC}") = "Tyuiu.StrekalovRA.Sprint3.Task7.V30", "Tyuiu.StrekalovRA.Sprint3.Task7.V30\Tyuiu.StrekalovRA.Sprint3.Task7.V30.csproj", "{F5034936-332E-4975-A20C-476EDD47216B}"
EndProject
Project("{FAE04EC0-301F-11D3-BF4B-00C04F79EFBC}") = "Tyuiu.StrekalovRA.Sprint3.Task7.V30.Lib", "Tyuiu.StrekalovRA.Sprint3.Task7.V30.Lib\Tyuiu.StrekalovRA.Sprint3.Task7.V30.Lib.csproj", "{321A6B86-7C55-40CC-B426-A240F4E839A6}"
EndProject
Project("{FAE04EC0-301F-11D3-BF4B-00C04F79EFBC}") = "Tyuiu.StrekalovRA.Sprint3.Task7.V30.Test", "Tyuiu.StrekalovRA.Sprint3.Task7.V30.Test\Tyuiu.StrekalovRA.Sprint3.Task7.V30.Test.csproj", "{06BB483C-9706-4EC1-8B2E-B172FE3BA6D5}"
EndProject
Project("{FAE04EC0-301F-11D3-BF4B-00C04F79EFBC}") = "Tyuiu.StrekalovRA.Sprint3.Task5.V6", "Tyuiu.StrekalovRA.Sprint3.Task5.V6\Tyuiu.StrekalovRA.Sprint3.Task5.V6.csproj", "{B059E253-4EF2-4172-9A1F-B1F97A9FECE4}"
EndProject
Project("{FAE04EC0-301F-11D3-BF4B-00C04F79EFBC}") = "Tyuiu.StrekalovRA.Sprint3.Task5.V6.Test", "Tyuiu.StrekalovRA.Sprint3.Task5.V6.Test\Tyuiu.StrekalovRA.Sprint3.Task5.V6.Test.csproj", "{75678235-0979-4B8F-90D4-80CDF53D8214}"
EndProject
Project("{2150E333-8FDC-42A3-9474-1A3956D46DE8}") = "TASK_5", "TASK_5", "{A1671D67-097D-4CA3-ADFC-1023900C1F5C}"
EndProject
Project("{2150E333-8FDC-42A3-9474-1A3956D46DE8}") = "TASK_7", "TASK_7", "{593B9D1C-CB6C-483A-92FE-3DF5E60EDB9C}"
EndProject
Project("{2150E333-8FDC-42A3-9474-1A3956D46DE8}") = "TASK_4", "TASK_4", "{3BC2DDD0-CD4A-4DA3-9925-508496BED11E}"
EndProject
Project("{2150E333-8FDC-42A3-9474-1A3956D46DE8}") = "TASK_0", "TASK_0", "{DD7A0822-DA9B-419F-8764-6459CDF9261B}"
EndProject
Project("{FAE04EC0-301F-11D3-BF4B-00C04F79EFBC}") = "Tyuiu.StrekalovRA.Sprint3.Task4.V23", "Tyuiu.StrekalovRA.Sprint3.Task4.V23\Tyuiu.StrekalovRA.Sprint3.Task4.V23.csproj", "{401A8405-F806-4442-A152-8389CA60510C}"
EndProject
Project("{FAE04EC0-301F-11D3-BF4B-00C04F79EFBC}") = "Tyuiu.StrekalovRA.Sprint3.Task4.V23.Test", "Tyuiu.StrekalovRA.Sprint3.Task4.V23.Test\Tyuiu.StrekalovRA.Sprint3.Task4.V23.Test.csproj", "{E852DA4B-535F-499B-B567-3C2D7C5A6283}"
EndProject
Project("{2150E333-8FDC-42A3-9474-1A3956D46DE8}") = "TASK_3", "TASK_3", "{FBAA360D-FEBE-4398-873C-A9FA2454B92B}"
EndProject
Project("{FAE04EC0-301F-11D3-BF4B-00C04F79EFBC}") = "Tyuiu.StrekalovRA.Sprint3.Task3.V6", "Tyuiu.StrekalovRA.Sprint3.Task3.V6\Tyuiu.StrekalovRA.Sprint3.Task3.V6.csproj", "{22D1FD76-1619-4B76-ACAB-CF6AAC212DCF}"
EndProject
Project("{FAE04EC0-301F-11D3-BF4B-00C04F79EFBC}") = "Tyuiu.StrekalovRA.Sprint3.Task3.V6.Lib", "Tyuiu.StrekalovRA.Sprint3.Task3.V6.Lib\Tyuiu.StrekalovRA.Sprint3.Task3.V6.Lib.csproj", "{7FFD245F-70AD-4C4B-9161-373C637224C2}"
EndProject
Project("{FAE04EC0-301F-11D3-BF4B-00C04F79EFBC}") = "Tyuiu.StrekalovRA.Sprint3.Task3.V6.Test", "Tyuiu.StrekalovRA.Sprint3.Task3.V6.Test\Tyuiu.StrekalovRA.Sprint3.Task3.V6.Test.csproj", "{A089C4F0-F511-4578-9B5A-6D2A55084485}"
EndProject
Project("{2150E333-8FDC-42A3-9474-1A3956D46DE8}") = "TASK_2", "TASK_2", "{68C099A2-259E-4566-8685-D887D21749DE}"
EndProject
Project("{FAE04EC0-301F-11D3-BF4B-00C04F79EFBC}") = "Tyuiu.StrekalovRA.Sprint3.Task2.V29", "Tyuiu.StrekalovRA.Sprint3.Task2.V29\Tyuiu.StrekalovRA.Sprint3.Task2.V29.csproj", "{10B30F24-A3C5-48E8-88F1-FEEBFBB99701}"
EndProject
Project("{FAE04EC0-301F-11D3-BF4B-00C04F79EFBC}") = "Tyuiu.StrekalovRA.Sprint3.Task2.V29.Test", "Tyuiu.StrekalovRA.Sprint3.Task2.V29.Test\Tyuiu.StrekalovRA.Sprint3.Task2.V29.Test.csproj", "{341B04E7-CE73-4B02-AE6C-28E7DF756BB5}"
EndProject
Project("{FAE04EC0-301F-11D3-BF4B-00C04F79EFBC}") = "Tyuiu.StrekalovRA.Sprint3.Task2.V29.Lib", "Tyuiu.StrekalovRA.Sprint3.Task2.V29.Lib\Tyuiu.StrekalovRA.Sprint3.Task2.V29.Lib.csproj", "{09313656-6DD5-4355-942C-114FFF090D94}"
EndProject
Project("{2150E333-8FDC-42A3-9474-1A3956D46DE8}") = "TASK_1", "TASK_1", "{3832B7B5-8C43-48E6-AA4F-5D922BCA8C9B}"
EndProject
Project("{FAE04EC0-301F-11D3-BF4B-00C04F79EFBC}") = "Tyuiu.StrekalovRA.Sprint3.Task1.V23", "Tyuiu.StrekalovRA.Sprint3.Task1.V23\Tyuiu.StrekalovRA.Sprint3.Task1.V23.csproj", "{047EC264-54FF-4C89-9809-CCA1C2FDD1A9}"
EndProject
Project("{FAE04EC0-301F-11D3-BF4B-00C04F79EFBC}") = "Tyuiu.StrekalovRA.Sprint3.Task1.V23.Lib", "Tyuiu.StrekalovRA.Sprint3.Task1.V23.Lib\Tyuiu.StrekalovRA.Sprint3.Task1.V23.Lib.csproj", "{A86851DF-9EE8-4A7C-B955-49308B7566FE}"
EndProject
Project("{FAE04EC0-301F-11D3-BF4B-00C04F79EFBC}") = "Tyuiu.StrekalovRA.Sprint3.Task1.V23.Test", "Tyuiu.StrekalovRA.Sprint3.Task1.V23.Test\Tyuiu.StrekalovRA.Sprint3.Task1.V23.Test.csproj", "{2165EA71-2FF4-4784-8086-F5DD3797F1AB}"
EndProject
Global
	GlobalSection(SolutionConfigurationPlatforms) = preSolution
		Debug|Any CPU = Debug|Any CPU
		Release|Any CPU = Release|Any CPU
	EndGlobalSection
	GlobalSection(ProjectConfigurationPlatforms) = postSolution
		{D03143A2-26F3-4BDF-9DE5-0D4DBA6DA729}.Debug|Any CPU.ActiveCfg = Debug|Any CPU
		{D03143A2-26F3-4BDF-9DE5-0D4DBA6DA729}.Debug|Any CPU.Build.0 = Debug|Any CPU
		{D03143A2-26F3-4BDF-9DE5-0D4DBA6DA729}.Release|Any CPU.ActiveCfg = Release|Any CPU
		{D03143A2-26F3-4BDF-9DE5-0D4DBA6DA729}.Release|Any CPU.Build.0 = Release|Any CPU
		{5CD08832-225B-4D1D-AA49-9CBE6618DABF}.Debug|Any CPU.ActiveCfg = Debug|Any CPU
		{5CD08832-225B-4D1D-AA49-9CBE6618DABF}.Debug|Any CPU.Build.0 = Debug|Any CPU
		{5CD08832-225B-4D1D-AA49-9CBE6618DABF}.Release|Any CPU.ActiveCfg = Release|Any CPU
		{5CD08832-225B-4D1D-AA49-9CBE6618DABF}.Release|Any CPU.Build.0 = Release|Any CPU
		{0C4D6EDD-12E7-4C86-B872-7D7493AB787F}.Debug|Any CPU.ActiveCfg = Debug|Any CPU
		{0C4D6EDD-12E7-4C86-B872-7D7493AB787F}.Debug|Any CPU.Build.0 = Debug|Any CPU
		{0C4D6EDD-12E7-4C86-B872-7D7493AB787F}.Release|Any CPU.ActiveCfg = Release|Any CPU
		{0C4D6EDD-12E7-4C86-B872-7D7493AB787F}.Release|Any CPU.Build.0 = Release|Any CPU
		{EA588344-E202-4E09-B135-4E486CDE0601}.Debug|Any CPU.ActiveCfg = Debug|Any CPU
		{EA588344-E202-4E09-B135-4E486CDE0601}.Debug|Any CPU.Build.0 = Debug|Any CPU
		{EA588344-E202-4E09-B135-4E486CDE0601}.Release|Any CPU.ActiveCfg = Release|Any CPU
		{EA588344-E202-4E09-B135-4E486CDE0601}.Release|Any CPU.Build.0 = Release|Any CPU
		{4394FA2D-42D6-4D63-9C94-44D91E44F1CB}.Debug|Any CPU.ActiveCfg = Debug|Any CPU
		{4394FA2D-42D6-4D63-9C94-44D91E44F1CB}.Debug|Any CPU.Build.0 = Debug|Any CPU
		{4394FA2D-42D6-4D63-9C94-44D91E44F1CB}.Release|Any CPU.ActiveCfg = Release|Any CPU
		{4394FA2D-42D6-4D63-9C94-44D91E44F1CB}.Release|Any CPU.Build.0 = Release|Any CPU
		{6E0F7671-D721-4D08-861A-43C3174CFC69}.Debug|Any CPU.ActiveCfg = Debug|Any CPU
		{6E0F7671-D721-4D08-861A-43C3174CFC69}.Debug|Any CPU.Build.0 = Debug|Any CPU
		{6E0F7671-D721-4D08-861A-43C3174CFC69}.Release|Any CPU.ActiveCfg = Release|Any CPU
		{6E0F7671-D721-4D08-861A-43C3174CFC69}.Release|Any CPU.Build.0 = Release|Any CPU
		{9381B51B-B054-452E-8F84-9B0B63A73B62}.Debug|Any CPU.ActiveCfg = Debug|Any CPU
		{9381B51B-B054-452E-8F84-9B0B63A73B62}.Debug|Any CPU.Build.0 = Debug|Any CPU
		{9381B51B-B054-452E-8F84-9B0B63A73B62}.Release|Any CPU.ActiveCfg = Release|Any CPU
		{9381B51B-B054-452E-8F84-9B0B63A73B62}.Release|Any CPU.Build.0 = Release|Any CPU
		{B775C909-F261-47AA-AB8C-3950A6913C26}.Debug|Any CPU.ActiveCfg = Debug|Any CPU
		{B775C909-F261-47AA-AB8C-3950A6913C26}.Debug|Any CPU.Build.0 = Debug|Any CPU
		{B775C909-F261-47AA-AB8C-3950A6913C26}.Release|Any CPU.ActiveCfg = Release|Any CPU
		{B775C909-F261-47AA-AB8C-3950A6913C26}.Release|Any CPU.Build.0 = Release|Any CPU
		{FBCBA1EF-252A-4731-89B0-94EE817B1D5F}.Debug|Any CPU.ActiveCfg = Debug|Any CPU
		{FBCBA1EF-252A-4731-89B0-94EE817B1D5F}.Debug|Any CPU.Build.0 = Debug|Any CPU
		{FBCBA1EF-252A-4731-89B0-94EE817B1D5F}.Release|Any CPU.ActiveCfg = Release|Any CPU
		{FBCBA1EF-252A-4731-89B0-94EE817B1D5F}.Release|Any CPU.Build.0 = Release|Any CPU
		{F5034936-332E-4975-A20C-476EDD47216B}.Debug|Any CPU.ActiveCfg = Debug|Any CPU
		{F5034936-332E-4975-A20C-476EDD47216B}.Debug|Any CPU.Build.0 = Debug|Any CPU
		{F5034936-332E-4975-A20C-476EDD47216B}.Release|Any CPU.ActiveCfg = Release|Any CPU
		{F5034936-332E-4975-A20C-476EDD47216B}.Release|Any CPU.Build.0 = Release|Any CPU
		{321A6B86-7C55-40CC-B426-A240F4E839A6}.Debug|Any CPU.ActiveCfg = Debug|Any CPU
		{321A6B86-7C55-40CC-B426-A240F4E839A6}.Debug|Any CPU.Build.0 = Debug|Any CPU
		{321A6B86-7C55-40CC-B426-A240F4E839A6}.Release|Any CPU.ActiveCfg = Release|Any CPU
		{321A6B86-7C55-40CC-B426-A240F4E839A6}.Release|Any CPU.Build.0 = Release|Any CPU
		{06BB483C-9706-4EC1-8B2E-B172FE3BA6D5}.Debug|Any CPU.ActiveCfg = Debug|Any CPU
		{06BB483C-9706-4EC1-8B2E-B172FE3BA6D5}.Debug|Any CPU.Build.0 = Debug|Any CPU
		{06BB483C-9706-4EC1-8B2E-B172FE3BA6D5}.Release|Any CPU.ActiveCfg = Release|Any CPU
		{06BB483C-9706-4EC1-8B2E-B172FE3BA6D5}.Release|Any CPU.Build.0 = Release|Any CPU
		{B059E253-4EF2-4172-9A1F-B1F97A9FECE4}.Debug|Any CPU.ActiveCfg = Debug|Any CPU
		{B059E253-4EF2-4172-9A1F-B1F97A9FECE4}.Debug|Any CPU.Build.0 = Debug|Any CPU
		{B059E253-4EF2-4172-9A1F-B1F97A9FECE4}.Release|Any CPU.ActiveCfg = Release|Any CPU
		{B059E253-4EF2-4172-9A1F-B1F97A9FECE4}.Release|Any CPU.Build.0 = Release|Any CPU
		{75678235-0979-4B8F-90D4-80CDF53D8214}.Debug|Any CPU.ActiveCfg = Debug|Any CPU
		{75678235-0979-4B8F-90D4-80CDF53D8214}.Debug|Any CPU.Build.0 = Debug|Any CPU
		{75678235-0979-4B8F-90D4-80CDF53D8214}.Release|Any CPU.ActiveCfg = Release|Any CPU
		{75678235-0979-4B8F-90D4-80CDF53D8214}.Release|Any CPU.Build.0 = Release|Any CPU
		{401A8405-F806-4442-A152-8389CA60510C}.Debug|Any CPU.ActiveCfg = Debug|Any CPU
		{401A8405-F806-4442-A152-8389CA60510C}.Debug|Any CPU.Build.0 = Debug|Any CPU
		{401A8405-F806-4442-A152-8389CA60510C}.Release|Any CPU.ActiveCfg = Release|Any CPU
		{401A8405-F806-4442-A152-8389CA60510C}.Release|Any CPU.Build.0 = Release|Any CPU
		{E852DA4B-535F-499B-B567-3C2D7C5A6283}.Debug|Any CPU.ActiveCfg = Debug|Any CPU
		{E852DA4B-535F-499B-B567-3C2D7C5A6283}.Debug|Any CPU.Build.0 = Debug|Any CPU
		{E852DA4B-535F-499B-B567-3C2D7C5A6283}.Release|Any CPU.ActiveCfg = Release|Any CPU
		{E852DA4B-535F-499B-B567-3C2D7C5A6283}.Release|Any CPU.Build.0 = Release|Any CPU
		{22D1FD76-1619-4B76-ACAB-CF6AAC212DCF}.Debug|Any CPU.ActiveCfg = Debug|Any CPU
		{22D1FD76-1619-4B76-ACAB-CF6AAC212DCF}.Debug|Any CPU.Build.0 = Debug|Any CPU
		{22D1FD76-1619-4B76-ACAB-CF6AAC212DCF}.Release|Any CPU.ActiveCfg = Release|Any CPU
		{22D1FD76-1619-4B76-ACAB-CF6AAC212DCF}.Release|Any CPU.Build.0 = Release|Any CPU
		{7FFD245F-70AD-4C4B-9161-373C637224C2}.Debug|Any CPU.ActiveCfg = Debug|Any CPU
		{7FFD245F-70AD-4C4B-9161-373C637224C2}.Debug|Any CPU.Build.0 = Debug|Any CPU
		{7FFD245F-70AD-4C4B-9161-373C637224C2}.Release|Any CPU.ActiveCfg = Release|Any CPU
		{7FFD245F-70AD-4C4B-9161-373C637224C2}.Release|Any CPU.Build.0 = Release|Any CPU
		{A089C4F0-F511-4578-9B5A-6D2A55084485}.Debug|Any CPU.ActiveCfg = Debug|Any CPU
		{A089C4F0-F511-4578-9B5A-6D2A55084485}.Debug|Any CPU.Build.0 = Debug|Any CPU
		{A089C4F0-F511-4578-9B5A-6D2A55084485}.Release|Any CPU.ActiveCfg = Release|Any CPU
		{A089C4F0-F511-4578-9B5A-6D2A55084485}.Release|Any CPU.Build.0 = Release|Any CPU
		{10B30F24-A3C5-48E8-88F1-FEEBFBB99701}.Debug|Any CPU.ActiveCfg = Debug|Any CPU
		{10B30F24-A3C5-48E8-88F1-FEEBFBB99701}.Debug|Any CPU.Build.0 = Debug|Any CPU
		{10B30F24-A3C5-48E8-88F1-FEEBFBB99701}.Release|Any CPU.ActiveCfg = Release|Any CPU
		{10B30F24-A3C5-48E8-88F1-FEEBFBB99701}.Release|Any CPU.Build.0 = Release|Any CPU
		{341B04E7-CE73-4B02-AE6C-28E7DF756BB5}.Debug|Any CPU.ActiveCfg = Debug|Any CPU
		{341B04E7-CE73-4B02-AE6C-28E7DF756BB5}.Debug|Any CPU.Build.0 = Debug|Any CPU
		{341B04E7-CE73-4B02-AE6C-28E7DF756BB5}.Release|Any CPU.ActiveCfg = Release|Any CPU
		{341B04E7-CE73-4B02-AE6C-28E7DF756BB5}.Release|Any CPU.Build.0 = Release|Any CPU
		{09313656-6DD5-4355-942C-114FFF090D94}.Debug|Any CPU.ActiveCfg = Debug|Any CPU
		{09313656-6DD5-4355-942C-114FFF090D94}.Debug|Any CPU.Build.0 = Debug|Any CPU
		{09313656-6DD5-4355-942C-114FFF090D94}.Release|Any CPU.ActiveCfg = Release|Any CPU
		{09313656-6DD5-4355-942C-114FFF090D94}.Release|Any CPU.Build.0 = Release|Any CPU
		{047EC264-54FF-4C89-9809-CCA1C2FDD1A9}.Debug|Any CPU.ActiveCfg = Debug|Any CPU
		{047EC264-54FF-4C89-9809-CCA1C2FDD1A9}.Debug|Any CPU.Build.0 = Debug|Any CPU
		{047EC264-54FF-4C89-9809-CCA1C2FDD1A9}.Release|Any CPU.ActiveCfg = Release|Any CPU
		{047EC264-54FF-4C89-9809-CCA1C2FDD1A9}.Release|Any CPU.Build.0 = Release|Any CPU
		{A86851DF-9EE8-4A7C-B955-49308B7566FE}.Debug|Any CPU.ActiveCfg = Debug|Any CPU
		{A86851DF-9EE8-4A7C-B955-49308B7566FE}.Debug|Any CPU.Build.0 = Debug|Any CPU
		{A86851DF-9EE8-4A7C-B955-49308B7566FE}.Release|Any CPU.ActiveCfg = Release|Any CPU
		{A86851DF-9EE8-4A7C-B955-49308B7566FE}.Release|Any CPU.Build.0 = Release|Any CPU
		{2165EA71-2FF4-4784-8086-F5DD3797F1AB}.Debug|Any CPU.ActiveCfg = Debug|Any CPU
		{2165EA71-2FF4-4784-8086-F5DD3797F1AB}.Debug|Any CPU.Build.0 = Debug|Any CPU
		{2165EA71-2FF4-4784-8086-F5DD3797F1AB}.Release|Any CPU.ActiveCfg = Release|Any CPU
		{2165EA71-2FF4-4784-8086-F5DD3797F1AB}.Release|Any CPU.Build.0 = Release|Any CPU
	EndGlobalSection
	GlobalSection(SolutionProperties) = preSolution
		HideSolutionNode = FALSE
	EndGlobalSection
	GlobalSection(NestedProjects) = preSolution
		{D03143A2-26F3-4BDF-9DE5-0D4DBA6DA729} = {DD7A0822-DA9B-419F-8764-6459CDF9261B}
		{5CD08832-225B-4D1D-AA49-9CBE6618DABF} = {DD7A0822-DA9B-419F-8764-6459CDF9261B}
		{0C4D6EDD-12E7-4C86-B872-7D7493AB787F} = {DD7A0822-DA9B-419F-8764-6459CDF9261B}
		{4394FA2D-42D6-4D63-9C94-44D91E44F1CB} = {A1671D67-097D-4CA3-ADFC-1023900C1F5C}
		{6E0F7671-D721-4D08-861A-43C3174CFC69} = {3BC2DDD0-CD4A-4DA3-9925-508496BED11E}
		{9381B51B-B054-452E-8F84-9B0B63A73B62} = {F63F4BC9-2A35-4B6F-895B-BC68C66AA7CF}
		{B775C909-F261-47AA-AB8C-3950A6913C26} = {F63F4BC9-2A35-4B6F-895B-BC68C66AA7CF}
		{FBCBA1EF-252A-4731-89B0-94EE817B1D5F} = {F63F4BC9-2A35-4B6F-895B-BC68C66AA7CF}
		{F5034936-332E-4975-A20C-476EDD47216B} = {593B9D1C-CB6C-483A-92FE-3DF5E60EDB9C}
		{321A6B86-7C55-40CC-B426-A240F4E839A6} = {593B9D1C-CB6C-483A-92FE-3DF5E60EDB9C}
		{06BB483C-9706-4EC1-8B2E-B172FE3BA6D5} = {593B9D1C-CB6C-483A-92FE-3DF5E60EDB9C}
		{B059E253-4EF2-4172-9A1F-B1F97A9FECE4} = {A1671D67-097D-4CA3-ADFC-1023900C1F5C}
		{75678235-0979-4B8F-90D4-80CDF53D8214} = {A1671D67-097D-4CA3-ADFC-1023900C1F5C}
		{401A8405-F806-4442-A152-8389CA60510C} = {3BC2DDD0-CD4A-4DA3-9925-508496BED11E}
		{E852DA4B-535F-499B-B567-3C2D7C5A6283} = {3BC2DDD0-CD4A-4DA3-9925-508496BED11E}
		{22D1FD76-1619-4B76-ACAB-CF6AAC212DCF} = {FBAA360D-FEBE-4398-873C-A9FA2454B92B}
		{7FFD245F-70AD-4C4B-9161-373C637224C2} = {FBAA360D-FEBE-4398-873C-A9FA2454B92B}
		{A089C4F0-F511-4578-9B5A-6D2A55084485} = {FBAA360D-FEBE-4398-873C-A9FA2454B92B}
		{10B30F24-A3C5-48E8-88F1-FEEBFBB99701} = {68C099A2-259E-4566-8685-D887D21749DE}
		{341B04E7-CE73-4B02-AE6C-28E7DF756BB5} = {68C099A2-259E-4566-8685-D887D21749DE}
		{09313656-6DD5-4355-942C-114FFF090D94} = {68C099A2-259E-4566-8685-D887D21749DE}
		{047EC264-54FF-4C89-9809-CCA1C2FDD1A9} = {3832B7B5-8C43-48E6-AA4F-5D922BCA8C9B}
		{A86851DF-9EE8-4A7C-B955-49308B7566FE} = {3832B7B5-8C43-48E6-AA4F-5D922BCA8C9B}
		{2165EA71-2FF4-4784-8086-F5DD3797F1AB} = {3832B7B5-8C43-48E6-AA4F-5D922BCA8C9B}
	EndGlobalSection
	GlobalSection(ExtensibilityGlobals) = postSolution
		SolutionGuid = {3FB6982B-9260-41C7-BEE7-31AB945E3C20}
	EndGlobalSection
EndGlobal
